<?xml version="1.0" encoding="utf-8"?>
<Project ToolsVersion="4.0" xmlns="http://schemas.microsoft.com/developer/msbuild/2003">
  <ItemGroup>
    <Filter Include="Main">
      <UniqueIdentifier>{8cd75a5a-c9d7-4060-a3aa-6a3060ec8ee6}</UniqueIdentifier>
    </Filter>
    <Filter Include="Base">
      <UniqueIdentifier>{0d7407ef-1adc-4ba0-89d3-3259f4e410ca}</UniqueIdentifier>
    </Filter>
    <Filter Include="Common">
      <UniqueIdentifier>{ee70efd8-affa-4f4d-9cf3-75fa31c92f86}</UniqueIdentifier>
    </Filter>
    <Filter Include="Common\Packets">
      <UniqueIdentifier>{6659548f-b4ca-45f7-acbb-d562eff0e093}</UniqueIdentifier>
    </Filter>
    <Filter Include="Common\DataBase">
      <UniqueIdentifier>{4e53f9ba-a859-443e-bc12-bc9d75dc4d55}</UniqueIdentifier>
    </Filter>
    <Filter Include="Common\Net">
      <UniqueIdentifier>{576f4a0d-dc52-43ab-8caf-18023357e14c}</UniqueIdentifier>
    </Filter>
    <Filter Include="Player">
      <UniqueIdentifier>{a5742591-fc2e-4bc4-80d5-b33d85193c34}</UniqueIdentifier>
    </Filter>
    <Filter Include="Packets">
      <UniqueIdentifier>{6f5c00e3-2bde-46b5-b7e4-464c0579fe4e}</UniqueIdentifier>
    </Filter>
    <Filter Include="Packets\Database">
      <UniqueIdentifier>{c540f023-ebab-4634-a4ff-dc8baac57012}</UniqueIdentifier>
    </Filter>
    <Filter Include="Process">
      <UniqueIdentifier>{c954b3d9-6638-4556-ac58-936fed3fb74a}</UniqueIdentifier>
    </Filter>
    <Filter Include="StdAfx">
      <UniqueIdentifier>{46469598-b6c2-46d7-9695-5d75f68dc386}</UniqueIdentifier>
    </Filter>
  </ItemGroup>
  <ItemGroup>
    <ClCompile Include="Main\ConnectManager.cpp">
      <Filter>Main</Filter>
    </ClCompile>
    <ClCompile Include="Main\Login.cpp">
      <Filter>Main</Filter>
    </ClCompile>
    <ClCompile Include="Main\LoginMain.cpp">
      <Filter>Main</Filter>
    </ClCompile>
    <ClCompile Include="Main\ServerManager.cpp">
      <Filter>Main</Filter>
    </ClCompile>
    <ClCompile Include="Main\ServerThread.cpp">
      <Filter>Main</Filter>
    </ClCompile>
    <ClCompile Include="Main\ThreadManager.cpp">
      <Filter>Main</Filter>
    </ClCompile>
    <ClCompile Include="..\..\..\Common\ServerBase\Config.cpp">
      <Filter>Base</Filter>
    </ClCompile>
    <ClCompile Include="..\..\..\Common\ServerBase\Ini.cpp">
      <Filter>Base</Filter>
    </ClCompile>
    <ClCompile Include="..\..\..\Common\ServerBase\Log.cpp">
      <Filter>Base</Filter>
    </ClCompile>
    <ClCompile Include="..\..\..\Common\ServerBase\Thread.cpp">
      <Filter>Base</Filter>
    </ClCompile>
    <ClCompile Include="..\..\..\Common\ServerBase\TimeManager.cpp">
      <Filter>Base</Filter>
    </ClCompile>
    <ClCompile Include="..\..\..\Common\Assertx.cpp">
      <Filter>Common</Filter>
    </ClCompile>
    <ClCompile Include="..\..\..\Common\DB_Struct.cpp">
      <Filter>Common</Filter>
    </ClCompile>
    <ClCompile Include="..\..\..\Common\GameStruct.cpp">
      <Filter>Common</Filter>
    </ClCompile>
    <ClCompile Include="..\..\..\Common\GameUtil.cpp">
      <Filter>Common</Filter>
    </ClCompile>
    <ClCompile Include="..\..\..\Common\PacketFactoryManager.cpp">
      <Filter>Common</Filter>
    </ClCompile>
    <ClCompile Include="..\..\..\Common\Packets\BLRetAuth.cpp">
      <Filter>Common\Packets</Filter>
    </ClCompile>
    <ClCompile Include="..\..\..\Common\Packets\CLAskCharList.cpp">
      <Filter>Common\Packets</Filter>
    </ClCompile>
    <ClCompile Include="..\..\..\Common\Packets\CLAskCharLogin.cpp">
      <Filter>Common\Packets</Filter>
    </ClCompile>
    <ClCompile Include="..\..\..\Common\Packets\CLAskCreateChar.cpp">
      <Filter>Common\Packets</Filter>
    </ClCompile>
    <ClCompile Include="..\..\..\Common\Packets\CLAskDeleteChar.cpp">
      <Filter>Common\Packets</Filter>
    </ClCompile>
    <ClCompile Include="..\..\..\Common\Packets\CLAskLogin.cpp">
      <Filter>Common\Packets</Filter>
    </ClCompile>
    <ClCompile Include="..\..\..\Common\Packets\CLConnect.cpp">
      <Filter>Common\Packets</Filter>
    </ClCompile>
    <ClCompile Include="..\..\..\Common\Packets\LBAskAuth.cpp">
      <Filter>Common\Packets</Filter>
    </ClCompile>
    <ClCompile Include="..\..\..\Common\Packets\LCRetCharList.cpp">
      <Filter>Common\Packets</Filter>
    </ClCompile>
    <ClCompile Include="..\..\..\Common\Packets\LCRetCharLogin.cpp">
      <Filter>Common\Packets</Filter>
    </ClCompile>
    <ClCompile Include="..\..\..\Common\Packets\LCRetConnect.cpp">
      <Filter>Common\Packets</Filter>
    </ClCompile>
    <ClCompile Include="..\..\..\Common\Packets\LCRetCreateChar.cpp">
      <Filter>Common\Packets</Filter>
    </ClCompile>
    <ClCompile Include="..\..\..\Common\Packets\LCRetDeleteChar.cpp">
      <Filter>Common\Packets</Filter>
    </ClCompile>
    <ClCompile Include="..\..\..\Common\Packets\LCRetLogin.cpp">
      <Filter>Common\Packets</Filter>
    </ClCompile>
    <ClCompile Include="..\..\..\Common\Packets\LCStatus.cpp">
      <Filter>Common\Packets</Filter>
    </ClCompile>
    <ClCompile Include="..\..\..\Common\Packets\LWAskCharLogin.cpp">
      <Filter>Common\Packets</Filter>
    </ClCompile>
    <ClCompile Include="..\..\..\Common\Packets\LWAskDeleteChar.cpp">
      <Filter>Common\Packets</Filter>
    </ClCompile>
    <ClCompile Include="..\..\..\Common\Packets\SSConnect.cpp">
      <Filter>Common\Packets</Filter>
    </ClCompile>
    <ClCompile Include="..\..\..\Common\Packets\SSScenePlayerCount.cpp">
      <Filter>Common\Packets</Filter>
    </ClCompile>
    <ClCompile Include="..\..\..\Common\Packets\WLRetCharLogin.cpp">
      <Filter>Common\Packets</Filter>
    </ClCompile>
    <ClCompile Include="..\..\..\Common\Packets\WLRetDeleteChar.cpp">
      <Filter>Common\Packets</Filter>
    </ClCompile>
    <ClCompile Include="..\..\..\Common\DBSystem\DataBase\DBAbilityList.cpp">
      <Filter>Common\DataBase</Filter>
    </ClCompile>
    <ClCompile Include="..\..\..\Common\DBSystem\DataBase\DBCharFullData.cpp">
      <Filter>Common\DataBase</Filter>
    </ClCompile>
    <ClCompile Include="..\..\..\Common\DBSystem\DataBase\DBCharList.cpp">
      <Filter>Common\DataBase</Filter>
    </ClCompile>
    <ClCompile Include="..\..\..\Common\DBSystem\DataBase\DBCoolDownInfo.cpp">
      <Filter>Common\DataBase</Filter>
    </ClCompile>
    <ClCompile Include="..\..\..\Common\DBSystem\DataBase\DBCreateCharOp.cpp">
      <Filter>Common\DataBase</Filter>
    </ClCompile>
    <ClCompile Include="..\..\..\Common\DBSystem\DataBase\DBDeleteCharOp.cpp">
      <Filter>Common\DataBase</Filter>
    </ClCompile>
    <ClCompile Include="..\..\..\Common\DBSystem\DataBase\DBEquipBaseList.cpp">
      <Filter>Common\DataBase</Filter>
    </ClCompile>
    <ClCompile Include="..\..\..\Common\DBSystem\DataBase\DBImpactList.cpp">
      <Filter>Common\DataBase</Filter>
    </ClCompile>
    <ClCompile Include="..\..\..\Common\DBSystem\DataBase\DBItemList.cpp">
      <Filter>Common\DataBase</Filter>
    </ClCompile>
    <ClCompile Include="..\..\..\Common\DBSystem\DataBase\DBManager.cpp">
      <Filter>Common\DataBase</Filter>
    </ClCompile>
    <ClCompile Include="..\..\..\Common\DBSystem\DataBase\DBPetList.cpp">
      <Filter>Common\DataBase</Filter>
    </ClCompile>
    <ClCompile Include="..\..\..\Common\DBSystem\DataBase\DBPrivateInfo.cpp">
      <Filter>Common\DataBase</Filter>
    </ClCompile>
    <ClCompile Include="..\..\..\Common\DBSystem\DataBase\DBRelationList.cpp">
      <Filter>Common\DataBase</Filter>
    </ClCompile>
    <ClCompile Include="..\..\..\Common\DBSystem\DataBase\DBSkillList.cpp">
      <Filter>Common\DataBase</Filter>
    </ClCompile>
    <ClCompile Include="..\..\..\Common\DBSystem\DataBase\DBTaskList.cpp">
      <Filter>Common\DataBase</Filter>
    </ClCompile>
    <ClCompile Include="..\..\..\Common\DBSystem\DataBase\DBTitleInfo.cpp">
      <Filter>Common\DataBase</Filter>
    </ClCompile>
    <ClCompile Include="..\..\..\Common\DBSystem\DataBase\DBWebShopInfo.cpp">
      <Filter>Common\DataBase</Filter>
    </ClCompile>
    <ClCompile Include="..\..\..\Common\DBSystem\DataBase\DBXinFaList.cpp">
      <Filter>Common\DataBase</Filter>
    </ClCompile>
    <ClCompile Include="..\..\..\Common\DBSystem\DataBase\ODBCBase.cpp">
      <Filter>Common\DataBase</Filter>
    </ClCompile>
    <ClCompile Include="..\..\..\Common\DBSystem\DataBase\ODBCInterface.cpp">
      <Filter>Common\DataBase</Filter>
    </ClCompile>
    <ClCompile Include="..\..\..\Common\DBSystem\DataBase\SqlTemplate.cpp">
      <Filter>Common\DataBase</Filter>
    </ClCompile>
    <ClCompile Include="..\..\..\Common\DataBase\TLBB_DBC.cpp">
      <Filter>Common\DataBase</Filter>
    </ClCompile>
    <ClCompile Include="..\..\..\Common\Net\FileAPI.cpp">
      <Filter>Common\Net</Filter>
    </ClCompile>
    <ClCompile Include="..\..\..\Common\Net\Packet.cpp">
      <Filter>Common\Net</Filter>
    </ClCompile>
    <ClCompile Include="..\..\..\Common\Net\ServerSocket.cpp">
      <Filter>Common\Net</Filter>
    </ClCompile>
    <ClCompile Include="..\..\..\Common\Net\Socket.cpp">
      <Filter>Common\Net</Filter>
    </ClCompile>
    <ClCompile Include="..\..\..\Common\Net\SocketAPI.cpp">
      <Filter>Common\Net</Filter>
    </ClCompile>
    <ClCompile Include="..\..\..\Common\Net\SocketInputStream.cpp">
      <Filter>Common\Net</Filter>
    </ClCompile>
    <ClCompile Include="..\..\..\Common\Net\SocketOutputStream.cpp">
      <Filter>Common\Net</Filter>
    </ClCompile>
    <ClCompile Include="Player\LoginPlayer.cpp">
      <Filter>Player</Filter>
    </ClCompile>
    <ClCompile Include="Player\LoginPlayerManager.cpp">
      <Filter>Player</Filter>
    </ClCompile>
    <ClCompile Include="Player\Player.cpp">
      <Filter>Player</Filter>
    </ClCompile>
    <ClCompile Include="Player\PlayerManager.cpp">
      <Filter>Player</Filter>
    </ClCompile>
    <ClCompile Include="Player\PlayerPool.cpp">
      <Filter>Player</Filter>
    </ClCompile>
    <ClCompile Include="Player\ServerPlayer.cpp">
      <Filter>Player</Filter>
    </ClCompile>
    <ClCompile Include="Player\TurnPlayerQueue.cpp">
      <Filter>Player</Filter>
    </ClCompile>
    <ClCompile Include="Packets\BLRetAuthHandler.cpp">
      <Filter>Packets</Filter>
    </ClCompile>
    <ClCompile Include="Packets\CLAskCharListHandler.cpp">
      <Filter>Packets</Filter>
    </ClCompile>
    <ClCompile Include="Packets\CLAskCharLoginHandler.cpp">
      <Filter>Packets</Filter>
    </ClCompile>
    <ClCompile Include="Packets\CLAskCreateCharHander.cpp">
      <Filter>Packets</Filter>
    </ClCompile>
    <ClCompile Include="Packets\CLAskDeleteCharHandler.cpp">
      <Filter>Packets</Filter>
    </ClCompile>
    <ClCompile Include="Packets\CLAskLoginHandler.cpp">
      <Filter>Packets</Filter>
    </ClCompile>
    <ClCompile Include="Packets\CLConnectHandler.cpp">
      <Filter>Packets</Filter>
    </ClCompile>
    <ClCompile Include="Packets\LBAskAuthHandler.cpp">
      <Filter>Packets</Filter>
    </ClCompile>
    <ClCompile Include="Packets\LCRetCharListHandler.cpp">
      <Filter>Packets</Filter>
    </ClCompile>
    <ClCompile Include="Packets\LCRetCharLoginHandler.cpp">
      <Filter>Packets</Filter>
    </ClCompile>
    <ClCompile Include="Packets\LCRetConnectHandler.cpp">
      <Filter>Packets</Filter>
    </ClCompile>
    <ClCompile Include="Packets\LCRetCreateCharHandler.cpp">
      <Filter>Packets</Filter>
    </ClCompile>
    <ClCompile Include="Packets\LCRetDeleteCharHandler.cpp">
      <Filter>Packets</Filter>
    </ClCompile>
    <ClCompile Include="Packets\LCRetLoginHandler.cpp">
      <Filter>Packets</Filter>
    </ClCompile>
    <ClCompile Include="Packets\LCStatusHandler.cpp">
      <Filter>Packets</Filter>
    </ClCompile>
    <ClCompile Include="Packets\LWAskCharLoginHandler.cpp">
      <Filter>Packets</Filter>
    </ClCompile>
    <ClCompile Include="Packets\LWAskDeleteCharHandler.cpp">
      <Filter>Packets</Filter>
    </ClCompile>
    <ClCompile Include="Packets\SSConnectHandler.cpp">
      <Filter>Packets</Filter>
    </ClCompile>
    <ClCompile Include="Packets\SSScenePlayerCountHandler.cpp">
      <Filter>Packets</Filter>
    </ClCompile>
    <ClCompile Include="Packets\WLRetCharLoginHandler.cpp">
      <Filter>Packets</Filter>
    </ClCompile>
    <ClCompile Include="Packets\WLRetDeleteCharHandler.cpp">
      <Filter>Packets</Filter>
    </ClCompile>
    <ClCompile Include="DB\CharConfig.cpp">
      <Filter>Packets\Database</Filter>
    </ClCompile>
    <ClCompile Include="DB\DBLogicManager.cpp">
      <Filter>Packets\Database</Filter>
    </ClCompile>
    <ClCompile Include="DB\DBThread.cpp">
      <Filter>Packets\Database</Filter>
    </ClCompile>
    <ClCompile Include="DB\DBThreadManager.cpp">
      <Filter>Packets\Database</Filter>
    </ClCompile>
    <ClCompile Include="DB\LoginDBManager.cpp">
      <Filter>Packets\Database</Filter>
    </ClCompile>
    <ClCompile Include="Process\ProcessManager.cpp">
      <Filter>Process</Filter>
    </ClCompile>
    <ClCompile Include="Process\ProcessPlayerManager.cpp">
      <Filter>Process</Filter>
    </ClCompile>
    <ClCompile Include="stdafx.cpp">
      <Filter>StdAfx</Filter>
    </ClCompile>
  </ItemGroup>
  <ItemGroup>
    <ClInclude Include="Main\ConnectManager.h">
      <Filter>Main</Filter>
    </ClInclude>
    <ClInclude Include="Main\Login.h">
      <Filter>Main</Filter>
    </ClInclude>
    <ClInclude Include="Main\LoginMain.h">
      <Filter>Main</Filter>
    </ClInclude>
    <ClInclude Include="Main\ServerManager.h">
      <Filter>Main</Filter>
    </ClInclude>
    <ClInclude Include="Main\ServerThread.h">
      <Filter>Main</Filter>
    </ClInclude>
    <ClInclude Include="Main\ThreadManager.h">
      <Filter>Main</Filter>
    </ClInclude>
    <ClInclude Include="..\..\..\Common\ServerBase\Config.h">
      <Filter>Base</Filter>
    </ClInclude>
    <ClInclude Include="..\..\..\Common\ServerBase\Ini.h">
      <Filter>Base</Filter>
    </ClInclude>
    <ClInclude Include="..\..\..\Common\ServerBase\Log.h">
      <Filter>Base</Filter>
    </ClInclude>
    <ClInclude Include="..\..\..\Common\ServerBase\Thread.h">
      <Filter>Base</Filter>
    </ClInclude>
    <ClInclude Include="..\..\..\Common\ServerBase\TimeManager.h">
      <Filter>Base</Filter>
    </ClInclude>
    <ClInclude Include="..\..\..\Common\Assertx.h">
      <Filter>Common</Filter>
    </ClInclude>
    <ClInclude Include="..\..\..\Common\DB_Struct.h">
      <Filter>Common</Filter>
    </ClInclude>
    <ClInclude Include="..\..\..\Common\GameStruct.h">
      <Filter>Common</Filter>
    </ClInclude>
    <ClInclude Include="..\..\..\Common\GameUtil.h">
      <Filter>Common</Filter>
    </ClInclude>
    <ClInclude Include="..\..\..\Common\PacketDefine.h">
      <Filter>Common</Filter>
    </ClInclude>
    <ClInclude Include="..\..\..\Common\PacketFactory.h">
      <Filter>Common</Filter>
    </ClInclude>
    <ClInclude Include="..\..\..\Common\PacketFactoryManager.h">
      <Filter>Common</Filter>
    </ClInclude>
    <ClInclude Include="..\..\..\Common\PlayerStatus.h">
      <Filter>Common</Filter>
    </ClInclude>
    <ClInclude Include="..\..\..\Common\ResultDefine.h">
      <Filter>Common</Filter>
    </ClInclude>
    <ClInclude Include="..\..\..\Common\Type.h">
      <Filter>Common</Filter>
    </ClInclude>
    <ClInclude Include="..\..\..\Common\Packets\BLRetAuth.h">
      <Filter>Common\Packets</Filter>
    </ClInclude>
    <ClInclude Include="..\..\..\Common\Packets\CLAskCharList.h">
      <Filter>Common\Packets</Filter>
    </ClInclude>
    <ClInclude Include="..\..\..\Common\Packets\CLAskCharLogin.h">
      <Filter>Common\Packets</Filter>
    </ClInclude>
    <ClInclude Include="..\..\..\Common\Packets\CLAskCreateChar.h">
      <Filter>Common\Packets</Filter>
    </ClInclude>
    <ClInclude Include="..\..\..\Common\Packets\CLAskDeleteChar.h">
      <Filter>Common\Packets</Filter>
    </ClInclude>
    <ClInclude Include="..\..\..\Common\Packets\CLAskLogin.h">
      <Filter>Common\Packets</Filter>
    </ClInclude>
    <ClInclude Include="..\..\..\Common\Packets\CLConnect.h">
      <Filter>Common\Packets</Filter>
    </ClInclude>
    <ClInclude Include="..\..\..\Common\Packets\LBAskAuth.h">
      <Filter>Common\Packets</Filter>
    </ClInclude>
    <ClInclude Include="..\..\..\Common\Packets\LCRetCharList.h">
      <Filter>Common\Packets</Filter>
    </ClInclude>
    <ClInclude Include="..\..\..\Common\Packets\LCRetCharLogin.h">
      <Filter>Common\Packets</Filter>
    </ClInclude>
    <ClInclude Include="..\..\..\Common\Packets\LCRetConnect.h">
      <Filter>Common\Packets</Filter>
    </ClInclude>
    <ClInclude Include="..\..\..\Common\Packets\LCRetCreateChar.h">
      <Filter>Common\Packets</Filter>
    </ClInclude>
    <ClInclude Include="..\..\..\Common\Packets\LCRetDeleteChar.h">
      <Filter>Common\Packets</Filter>
    </ClInclude>
    <ClInclude Include="..\..\..\Common\Packets\LCRetLogin.h">
      <Filter>Common\Packets</Filter>
    </ClInclude>
    <ClInclude Include="..\..\..\Common\Packets\LCStatus.h">
      <Filter>Common\Packets</Filter>
    </ClInclude>
    <ClInclude Include="..\..\..\Common\Packets\LWAskCharLogin.h">
      <Filter>Common\Packets</Filter>
    </ClInclude>
    <ClInclude Include="..\..\..\Common\Packets\LWAskDeleteChar.h">
      <Filter>Common\Packets</Filter>
    </ClInclude>
    <ClInclude Include="..\..\..\Common\Packets\SSConnect.h">
      <Filter>Common\Packets</Filter>
    </ClInclude>
    <ClInclude Include="..\..\..\Common\Packets\SSScenePlayerCount.h">
      <Filter>Common\Packets</Filter>
    </ClInclude>
    <ClInclude Include="..\..\..\Common\Packets\WLRetCharLogin.h">
      <Filter>Common\Packets</Filter>
    </ClInclude>
    <ClInclude Include="..\..\..\Common\Packets\WLRetDeleteChar.h">
      <Filter>Common\Packets</Filter>
    </ClInclude>
    <ClInclude Include="..\..\..\Common\DBSystem\DataBase\DBAbilityList.h">
      <Filter>Common\DataBase</Filter>
    </ClInclude>
    <ClInclude Include="..\..\..\Common\DBSystem\DataBase\DBCharFullData.h">
      <Filter>Common\DataBase</Filter>
    </ClInclude>
    <ClInclude Include="..\..\..\Common\DBSystem\DataBase\DBCharList.h">
      <Filter>Common\DataBase</Filter>
    </ClInclude>
    <ClInclude Include="..\..\..\Common\DBSystem\DataBase\DBCoolDownInfo.h">
      <Filter>Common\DataBase</Filter>
    </ClInclude>
    <ClInclude Include="..\..\..\Common\DBSystem\DataBase\DBCreateCharOp.h">
      <Filter>Common\DataBase</Filter>
    </ClInclude>
    <ClInclude Include="..\..\..\Common\DBSystem\DataBase\DBDeleteCharOp.h">
      <Filter>Common\DataBase</Filter>
    </ClInclude>
    <ClInclude Include="..\..\..\Common\DBSystem\DataBase\DBEquipBaseList.h">
      <Filter>Common\DataBase</Filter>
    </ClInclude>
    <ClInclude Include="..\..\..\Common\DBSystem\DataBase\DBImpactList.h">
      <Filter>Common\DataBase</Filter>
    </ClInclude>
    <ClInclude Include="..\..\..\Common\DBSystem\DataBase\DBItemList.h">
      <Filter>Common\DataBase</Filter>
    </ClInclude>
    <ClInclude Include="..\..\..\Common\DBSystem\DataBase\DBManager.h">
      <Filter>Common\DataBase</Filter>
    </ClInclude>
    <ClInclude Include="..\..\..\Common\DBSystem\DataBase\DBPetList.h">
      <Filter>Common\DataBase</Filter>
    </ClInclude>
    <ClInclude Include="..\..\..\Common\DBSystem\DataBase\DBPrivateInfo.h">
      <Filter>Common\DataBase</Filter>
    </ClInclude>
    <ClInclude Include="..\..\..\Common\DBSystem\DataBase\DBRelationList.h">
      <Filter>Common\DataBase</Filter>
    </ClInclude>
    <ClInclude Include="..\..\..\Common\DBSystem\DataBase\DBSkillList.h">
      <Filter>Common\DataBase</Filter>
    </ClInclude>
    <ClInclude Include="..\..\..\Common\DBSystem\DataBase\DBTaskList.h">
      <Filter>Common\DataBase</Filter>
    </ClInclude>
    <ClInclude Include="..\..\..\Common\DBSystem\DataBase\DBTitleInfo.h">
      <Filter>Common\DataBase</Filter>
    </ClInclude>
    <ClInclude Include="..\..\..\Common\DBSystem\DataBase\DBTypes.h">
      <Filter>Common\DataBase</Filter>
    </ClInclude>
    <ClInclude Include="..\..\..\Common\DBSystem\DataBase\DBWebShopInfo.h">
      <Filter>Common\DataBase</Filter>
    </ClInclude>
    <ClInclude Include="..\..\..\Common\DBSystem\DataBase\DBXinFaList.h">
      <Filter>Common\DataBase</Filter>
    </ClInclude>
    <ClInclude Include="..\..\..\Common\DBSystem\DataBase\ODBCBase.h">
      <Filter>Common\DataBase</Filter>
    </ClInclude>
    <ClInclude Include="..\..\..\Common\DBSystem\DataBase\ODBCInterface.h">
      <Filter>Common\DataBase</Filter>
    </ClInclude>
    <ClInclude Include="..\..\..\Common\DBSystem\DataBase\SqlTemplate.h">
      <Filter>Common\DataBase</Filter>
    </ClInclude>
    <ClInclude Include="..\..\..\Common\DataBase\TLBB_DBC.h">
      <Filter>Common\DataBase</Filter>
    </ClInclude>
    <ClInclude Include="..\..\..\Common\Net\FileAPI.h">
      <Filter>Common\Net</Filter>
    </ClInclude>
    <ClInclude Include="..\..\..\Common\Net\Packet.h">
      <Filter>Common\Net</Filter>
    </ClInclude>
    <ClInclude Include="..\..\..\Common\Net\ServerSocket.h">
      <Filter>Common\Net</Filter>
    </ClInclude>
    <ClInclude Include="..\..\..\Common\Net\Socket.h">
      <Filter>Common\Net</Filter>
    </ClInclude>
    <ClInclude Include="..\..\..\Common\Net\SocketAPI.h">
      <Filter>Common\Net</Filter>
    </ClInclude>
    <ClInclude Include="..\..\..\Common\Net\SocketInputStream.h">
      <Filter>Common\Net</Filter>
    </ClInclude>
    <ClInclude Include="..\..\..\Common\Net\SocketOutputStream.h">
      <Filter>Common\Net</Filter>
    </ClInclude>
    <ClInclude Include="Player\LoginPlayer.h">
      <Filter>Player</Filter>
    </ClInclude>
    <ClInclude Include="Player\LoginPlayerManager.h">
      <Filter>Player</Filter>
    </ClInclude>
    <ClInclude Include="Player\Player.h">
      <Filter>Player</Filter>
    </ClInclude>
    <ClInclude Include="Player\PlayerManager.h">
      <Filter>Player</Filter>
    </ClInclude>
    <ClInclude Include="Player\PlayerPool.h">
      <Filter>Player</Filter>
    </ClInclude>
    <ClInclude Include="Player\ServerPlayer.h">
      <Filter>Player</Filter>
    </ClInclude>
    <ClInclude Include="Player\TurnPlayerQueue.h">
      <Filter>Player</Filter>
    </ClInclude>
    <ClInclude Include="DB\CharConfig.h">
      <Filter>Packets\Database</Filter>
    </ClInclude>
    <ClInclude Include="DB\DBLogicManager.h">
      <Filter>Packets\Database</Filter>
    </ClInclude>
    <ClInclude Include="DB\DBThread.h">
      <Filter>Packets\Database</Filter>
    </ClInclude>
    <ClInclude Include="DB\DBThreadManager.h">
      <Filter>Packets\Database</Filter>
    </ClInclude>
    <ClInclude Include="DB\LoginDBManager.h">
      <Filter>Packets\Database</Filter>
    </ClInclude>
    <ClInclude Include="Process\ProcessManager.h">
      <Filter>Process</Filter>
    </ClInclude>
    <ClInclude Include="Process\ProcessPlayerManager.h">
      <Filter>Process</Filter>
    </ClInclude>
    <ClInclude Include="stdafx.h">
      <Filter>StdAfx</Filter>
    </ClInclude>
    <ClInclude Include="fileapi.h">
      <Filter>StdAfx</Filter>
    </ClInclude>
  </ItemGroup>
</Project>